
Microsoft Visual Studio Solution File, Format Version 12.00
# Visual Studio Version 17
VisualStudioVersion = 17.7.34024.191
MinimumVisualStudioVersion = 10.0.40219.1
Project("{FAE04EC0-301F-11D3-BF4B-00C04F79EFBC}") = "task-system", "task-system\task-system.csproj", "{10FAC733-541E-4A3B-B7B9-C19DB3967916}"
EndProject
Global
	GlobalSection(SolutionConfigurationPlatforms) = preSolution
		Debug|Any CPU = Debug|Any CPU
		Release|Any CPU = Release|Any CPU
	EndGlobalSection
	GlobalSection(ProjectConfigurationPlatforms) = postSolution
		{10FAC733-541E-4A3B-B7B9-C19DB3967916}.Debug|Any CPU.ActiveCfg = Debug|Any CPU
		{10FAC733-541E-4A3B-B7B9-C19DB3967916}.Debug|Any CPU.Build.0 = Debug|Any CPU
		{10FAC733-541E-4A3B-B7B9-C19DB3967916}.Release|Any CPU.ActiveCfg = Release|Any CPU
		{10FAC733-541E-4A3B-B7B9-C19DB3967916}.Release|Any CPU.Build.0 = Release|Any CPU
	EndGlobalSection
	GlobalSection(SolutionProperties) = preSolution
		HideSolutionNode = FALSE
	EndGlobalSection
	GlobalSection(ExtensibilityGlobals) = postSolution
		SolutionGuid = {DAA91DB4-0960-4241-B4FF-D1E71556BEA6}
	EndGlobalSection
EndGlobal
